
Microsoft Visual Studio Solution File, Format Version 12.00
# Visual Studio Version 17
VisualStudioVersion = 17.7.34031.279
MinimumVisualStudioVersion = 10.0.40219.1
Project("{8BC9CEB8-8B4A-11D0-8D11-00A0C91BC942}") = "LAB_4.3", "LAB_4.3\LAB_4.3.vcxproj", "{33637C89-7DA0-4A99-B6AC-5135D7704B6D}"
EndProject
Global
	GlobalSection(SolutionConfigurationPlatforms) = preSolution
		Debug|ARM64 = Debug|ARM64
		Debug|x64 = Debug|x64
		Debug|x86 = Debug|x86
		Release|ARM64 = Release|ARM64
		Release|x64 = Release|x64
		Release|x86 = Release|x86
	EndGlobalSection
	GlobalSection(ProjectConfigurationPlatforms) = postSolution
		{33637C89-7DA0-4A99-B6AC-5135D7704B6D}.Debug|ARM64.ActiveCfg = Debug|ARM64
		{33637C89-7DA0-4A99-B6AC-5135D7704B6D}.Debug|ARM64.Build.0 = Debug|ARM64
		{33637C89-7DA0-4A99-B6AC-5135D7704B6D}.Debug|x64.ActiveCfg = Debug|x64
		{33637C89-7DA0-4A99-B6AC-5135D7704B6D}.Debug|x64.Build.0 = Debug|x64
		{33637C89-7DA0-4A99-B6AC-5135D7704B6D}.Debug|x86.ActiveCfg = Debug|Win32
		{33637C89-7DA0-4A99-B6AC-5135D7704B6D}.Debug|x86.Build.0 = Debug|Win32
		{33637C89-7DA0-4A99-B6AC-5135D7704B6D}.Release|ARM64.ActiveCfg = Release|ARM64
		{33637C89-7DA0-4A99-B6AC-5135D7704B6D}.Release|ARM64.Build.0 = Release|ARM64
		{33637C89-7DA0-4A99-B6AC-5135D7704B6D}.Release|x64.ActiveCfg = Release|x64
		{33637C89-7DA0-4A99-B6AC-5135D7704B6D}.Release|x64.Build.0 = Release|x64
		{33637C89-7DA0-4A99-B6AC-5135D7704B6D}.Release|x86.ActiveCfg = Release|Win32
		{33637C89-7DA0-4A99-B6AC-5135D7704B6D}.Release|x86.Build.0 = Release|Win32
	EndGlobalSection
	GlobalSection(SolutionProperties) = preSolution
		HideSolutionNode = FALSE
	EndGlobalSection
	GlobalSection(ExtensibilityGlobals) = postSolution
		SolutionGuid = {9E18FD48-34BF-4FBB-9AC8-DF237C5D7AA2}
	EndGlobalSection
EndGlobal
